
Microsoft Visual Studio Solution File, Format Version 12.00
Project("{FAE04EC0-301F-11D3-BF4B-00C04F79EFBC}") = "cli", "cliArgs\cli.csproj", "{4838EC72-DED0-4125-A08C-F7FF3CE01D60}"
EndProject
Project("{FAE04EC0-301F-11D3-BF4B-00C04F79EFBC}") = "cliTest", "cliTest\cliTest.csproj", "{665C0988-901A-4930-911A-23F68A693A45}"
EndProject
Global
	GlobalSection(SolutionConfigurationPlatforms) = preSolution
		Debug|Any CPU = Debug|Any CPU
		Release|Any CPU = Release|Any CPU
	EndGlobalSection
	GlobalSection(ProjectConfigurationPlatforms) = postSolution
		{4838EC72-DED0-4125-A08C-F7FF3CE01D60}.Debug|Any CPU.ActiveCfg = Debug|Any CPU
		{4838EC72-DED0-4125-A08C-F7FF3CE01D60}.Debug|Any CPU.Build.0 = Debug|Any CPU
		{4838EC72-DED0-4125-A08C-F7FF3CE01D60}.Release|Any CPU.ActiveCfg = Release|Any CPU
		{4838EC72-DED0-4125-A08C-F7FF3CE01D60}.Release|Any CPU.Build.0 = Release|Any CPU
		{665C0988-901A-4930-911A-23F68A693A45}.Debug|Any CPU.ActiveCfg = Debug|Any CPU
		{665C0988-901A-4930-911A-23F68A693A45}.Debug|Any CPU.Build.0 = Debug|Any CPU
		{665C0988-901A-4930-911A-23F68A693A45}.Release|Any CPU.ActiveCfg = Release|Any CPU
		{665C0988-901A-4930-911A-23F68A693A45}.Release|Any CPU.Build.0 = Release|Any CPU
	EndGlobalSection
EndGlobal
